
Microsoft Visual Studio Solution File, Format Version 12.00
# Visual Studio 15
VisualStudioVersion = 15.0.28307.1000
MinimumVisualStudioVersion = 10.0.40219.1
Project("{FAE04EC0-301F-11D3-BF4B-00C04F79EFBC}") = "01.WriteAndWriteLine", "01.WriteAndWriteLine\01.WriteAndWriteLine.csproj", "{56509FCE-DAD8-4B9B-A2A0-0F144CEF5C53}"
EndProject
Project("{FAE04EC0-301F-11D3-BF4B-00C04F79EFBC}") = "19. Chal - 22", "Challenge\19. Chal - 22.csproj", "{450AD642-B944-4F3E-8567-97A0069D427A}"
EndProject
Project("{FAE04EC0-301F-11D3-BF4B-00C04F79EFBC}") = "23.ChangingTheColor", "23.ChangingTheColor\23.ChangingTheColor.csproj", "{987EA0B3-F46A-47EE-A5D0-844D30B21E49}"
EndProject
Global
	GlobalSection(SolutionConfigurationPlatforms) = preSolution
		Debug|Any CPU = Debug|Any CPU
		Release|Any CPU = Release|Any CPU
	EndGlobalSection
	GlobalSection(ProjectConfigurationPlatforms) = postSolution
		{56509FCE-DAD8-4B9B-A2A0-0F144CEF5C53}.Debug|Any CPU.ActiveCfg = Debug|Any CPU
		{56509FCE-DAD8-4B9B-A2A0-0F144CEF5C53}.Debug|Any CPU.Build.0 = Debug|Any CPU
		{56509FCE-DAD8-4B9B-A2A0-0F144CEF5C53}.Release|Any CPU.ActiveCfg = Release|Any CPU
		{56509FCE-DAD8-4B9B-A2A0-0F144CEF5C53}.Release|Any CPU.Build.0 = Release|Any CPU
		{450AD642-B944-4F3E-8567-97A0069D427A}.Debug|Any CPU.ActiveCfg = Debug|Any CPU
		{450AD642-B944-4F3E-8567-97A0069D427A}.Debug|Any CPU.Build.0 = Debug|Any CPU
		{450AD642-B944-4F3E-8567-97A0069D427A}.Release|Any CPU.ActiveCfg = Release|Any CPU
		{450AD642-B944-4F3E-8567-97A0069D427A}.Release|Any CPU.Build.0 = Release|Any CPU
		{987EA0B3-F46A-47EE-A5D0-844D30B21E49}.Debug|Any CPU.ActiveCfg = Debug|Any CPU
		{987EA0B3-F46A-47EE-A5D0-844D30B21E49}.Debug|Any CPU.Build.0 = Debug|Any CPU
		{987EA0B3-F46A-47EE-A5D0-844D30B21E49}.Release|Any CPU.ActiveCfg = Release|Any CPU
		{987EA0B3-F46A-47EE-A5D0-844D30B21E49}.Release|Any CPU.Build.0 = Release|Any CPU
	EndGlobalSection
	GlobalSection(SolutionProperties) = preSolution
		HideSolutionNode = FALSE
	EndGlobalSection
	GlobalSection(ExtensibilityGlobals) = postSolution
		SolutionGuid = {2FBD0BD5-4B93-4229-93CF-30214931BA80}
	EndGlobalSection
EndGlobal
